<?xml version="1.0" encoding="utf-8"?>
<Project ToolsVersion="4.0" xmlns="http://schemas.microsoft.com/developer/msbuild/2003">
  <ItemGroup>
    <Filter Include="Gray">
      <UniqueIdentifier>{58F0857C-4427-870D-ED13-6D10D929030F}</UniqueIdentifier>
    </Filter>
    <Filter Include="Gray\Events">
      <UniqueIdentifier>{3CC98E4E-A87E-0744-3173-011B9D27FE47}</UniqueIdentifier>
    </Filter>
    <Filter Include="Gray\Layers">
      <UniqueIdentifier>{17B4715D-8369-EA52-0C5E-E4297812E156}</UniqueIdentifier>
    </Filter>
    <Filter Include="Gray\Window">
      <UniqueIdentifier>{3F2AA577-ABDF-1D6D-34D4-1744A0881471}</UniqueIdentifier>
    </Filter>
  </ItemGroup>
  <ItemGroup>
    <ClInclude Include="src\Gray.h" />
    <ClInclude Include="src\Gray\Application.h">
      <Filter>Gray</Filter>
    </ClInclude>
    <ClInclude Include="src\Gray\Core.h">
      <Filter>Gray</Filter>
    </ClInclude>
    <ClInclude Include="src\Gray\EntryPoint.h">
      <Filter>Gray</Filter>
    </ClInclude>
    <ClInclude Include="src\Gray\Events\AllListeners.h">
      <Filter>Gray\Events</Filter>
    </ClInclude>
    <ClInclude Include="src\Gray\Events\Event.h">
      <Filter>Gray\Events</Filter>
    </ClInclude>
    <ClInclude Include="src\Gray\Events\EventListener.h">
      <Filter>Gray\Events</Filter>
    </ClInclude>
    <ClInclude Include="src\Gray\Events\KeyEvent.h">
      <Filter>Gray\Events</Filter>
    </ClInclude>
    <ClInclude Include="src\Gray\Events\KeyListener.h">
      <Filter>Gray\Events</Filter>
    </ClInclude>
    <ClInclude Include="src\Gray\Events\MouseEvent.h">
      <Filter>Gray\Events</Filter>
    </ClInclude>
    <ClInclude Include="src\Gray\Events\MouseListener.h">
      <Filter>Gray\Events</Filter>
    </ClInclude>
    <ClInclude Include="src\Gray\Events\WindowEvent.h">
      <Filter>Gray\Events</Filter>
    </ClInclude>
    <ClInclude Include="src\Gray\Events\WindowListener.h">
      <Filter>Gray\Events</Filter>
    </ClInclude>
    <ClInclude Include="src\Gray\Layers\Layer.h">
      <Filter>Gray\Layers</Filter>
    </ClInclude>
    <ClInclude Include="src\Gray\Layers\LayerStack.h">
      <Filter>Gray\Layers</Filter>
    </ClInclude>
    <ClInclude Include="src\Gray\Log.h">
      <Filter>Gray</Filter>
    </ClInclude>
    <ClInclude Include="src\Gray\Window\Window.h">
      <Filter>Gray\Window</Filter>
    </ClInclude>
    <ClInclude Include="src\Gray\Window\WindowsWindow.h">
      <Filter>Gray\Window</Filter>
    </ClInclude>
    <ClInclude Include="src\grpch.h" />
    <ClInclude Include="src\Gray\Layers\ImguiLayer.h" />
    <ClInclude Include="src\Platform\Opengl\test\MainTest.h" />
    <ClInclude Include="src\Platform\Opengl\test\Test.h" />
    <ClInclude Include="src\Platform\Opengl\test\TestClearColor.h" />
    <ClInclude Include="src\Platform\Opengl\test\TestMenu.h" />
    <ClInclude Include="src\Platform\Opengl\test\TestViewPort.h" />
    <ClInclude Include="src\Platform\Opengl\test\Util.h" />
    <ClInclude Include="src\Platform\Opengl\BufferLayout.h" />
    <ClInclude Include="src\Platform\Opengl\IndexBuffer.h" />
    <ClInclude Include="src\Platform\Opengl\Renderer.h" />
    <ClInclude Include="src\Platform\Opengl\Shader.h" />
    <ClInclude Include="src\Platform\Opengl\stb_image.h" />
    <ClInclude Include="src\Platform\Opengl\Texture.h" />
    <ClInclude Include="src\Platform\Opengl\VertexArray.h" />
    <ClInclude Include="src\Platform\Opengl\VertexBuffer.h" />
  </ItemGroup>
  <ItemGroup>
    <ClCompile Include="src\Gray\Application.cpp">
      <Filter>Gray</Filter>
    </ClCompile>
    <ClCompile Include="src\Gray\Events\Events.cpp">
      <Filter>Gray\Events</Filter>
    </ClCompile>
    <ClCompile Include="src\Gray\Layers\Layer.cpp">
      <Filter>Gray\Layers</Filter>
    </ClCompile>
    <ClCompile Include="src\Gray\Layers\LayerStack.cpp">
      <Filter>Gray\Layers</Filter>
    </ClCompile>
    <ClCompile Include="src\Gray\Log.cpp">
      <Filter>Gray</Filter>
    </ClCompile>
    <ClCompile Include="src\Gray\Window\Window.cpp">
      <Filter>Gray\Window</Filter>
    </ClCompile>
    <ClCompile Include="src\Gray\Window\WindowsWindow.cpp">
      <Filter>Gray\Window</Filter>
    </ClCompile>
    <ClCompile Include="src\grpch.cpp" />
    <ClCompile Include="src\Gray\Layers\ImguiLayer.cpp" />
    <ClCompile Include="src\Platform\Opengl\test\MainTest.cpp" />
    <ClCompile Include="src\Platform\Opengl\test\TestClearColor.cpp" />
    <ClCompile Include="src\Platform\Opengl\test\TestMenu.cpp" />
    <ClCompile Include="src\Platform\Opengl\test\TestViewPort.cpp" />
    <ClCompile Include="src\Platform\Opengl\test\Util.cpp" />
    <ClCompile Include="src\Platform\Opengl\IndexBuffer.cpp" />
    <ClCompile Include="src\Platform\Opengl\Renderer.cpp" />
    <ClCompile Include="src\Platform\Opengl\Shader.cpp" />
    <ClCompile Include="src\Platform\Opengl\Texture.cpp" />
    <ClCompile Include="src\Platform\Opengl\VertexBuffer.cpp" />
    <ClCompile Include="src\Platform\Opengl\VetexArray.cpp" />
  </ItemGroup>
</Project>