<?xml version="1.0" encoding="utf-8"?>
<Project ToolsVersion="4.0" xmlns="http://schemas.microsoft.com/developer/msbuild/2003">
  <ItemGroup>
    <Filter Include="Gray">
      <UniqueIdentifier>{58F0857C-4427-870D-ED13-6D10D929030F}</UniqueIdentifier>
    </Filter>
    <Filter Include="Gray\Events">
      <UniqueIdentifier>{3CC98E4E-A87E-0744-3173-011B9D27FE47}</UniqueIdentifier>
    </Filter>
    <Filter Include="Gray\Graphics">
      <UniqueIdentifier>{989BC9C8-045C-45FF-CD96-8E7C39168ADB}</UniqueIdentifier>
    </Filter>
    <Filter Include="Gray\Graphics\Light">
      <UniqueIdentifier>{3F012326-AB62-0034-34D0-46E6A03037F3}</UniqueIdentifier>
    </Filter>
    <Filter Include="Gray\Graphics\Model">
      <UniqueIdentifier>{D8563826-44B8-1534-CD25-5CE639864CF3}</UniqueIdentifier>
    </Filter>
    <Filter Include="Gray\Graphics\Source">
      <UniqueIdentifier>{98AE4BFB-843D-D5C4-2D5C-E9BF19CAE56A}</UniqueIdentifier>
    </Filter>
    <Filter Include="Gray\Graphics\Uniforms">
      <UniqueIdentifier>{5AEEAA6B-46E8-D3BD-2F55-6ACE1BEE392A}</UniqueIdentifier>
    </Filter>
    <Filter Include="Gray\Layers">
      <UniqueIdentifier>{17B4715D-8369-EA52-0C5E-E4297812E156}</UniqueIdentifier>
    </Filter>
    <Filter Include="Gray\Util">
      <UniqueIdentifier>{A5FE84BE-1169-3935-5AA7-EADAC650178A}</UniqueIdentifier>
    </Filter>
    <Filter Include="Gray\Window">
      <UniqueIdentifier>{3F2AA577-ABDF-1D6D-34D4-1744A0881471}</UniqueIdentifier>
    </Filter>
    <Filter Include="Platform">
      <UniqueIdentifier>{2AC788B4-1694-E3BF-3FAD-D1672BD9184E}</UniqueIdentifier>
    </Filter>
    <Filter Include="Platform\Opengl">
      <UniqueIdentifier>{5E812C1D-CA0C-9AE1-D31D-1DD63F28F6E1}</UniqueIdentifier>
    </Filter>
  </ItemGroup>
  <ItemGroup>
    <ClInclude Include="src\Gray.h" />
    <ClInclude Include="src\Gray\Application.h">
      <Filter>Gray</Filter>
    </ClInclude>
    <ClInclude Include="src\Gray\Core.h">
      <Filter>Gray</Filter>
    </ClInclude>
    <ClInclude Include="src\Gray\EntryPoint.h">
      <Filter>Gray</Filter>
    </ClInclude>
    <ClInclude Include="src\Gray\Events\AllListeners.h">
      <Filter>Gray\Events</Filter>
    </ClInclude>
    <ClInclude Include="src\Gray\Events\Event.h">
      <Filter>Gray\Events</Filter>
    </ClInclude>
    <ClInclude Include="src\Gray\Events\EventListener.h">
      <Filter>Gray\Events</Filter>
    </ClInclude>
    <ClInclude Include="src\Gray\Events\Input.h">
      <Filter>Gray\Events</Filter>
    </ClInclude>
    <ClInclude Include="src\Gray\Events\KeyCodes.h">
      <Filter>Gray\Events</Filter>
    </ClInclude>
    <ClInclude Include="src\Gray\Events\KeyEvent.h">
      <Filter>Gray\Events</Filter>
    </ClInclude>
    <ClInclude Include="src\Gray\Events\KeyListener.h">
      <Filter>Gray\Events</Filter>
    </ClInclude>
    <ClInclude Include="src\Gray\Events\MouseCodes.h">
      <Filter>Gray\Events</Filter>
    </ClInclude>
    <ClInclude Include="src\Gray\Events\MouseEvent.h">
      <Filter>Gray\Events</Filter>
    </ClInclude>
    <ClInclude Include="src\Gray\Events\MouseListener.h">
      <Filter>Gray\Events</Filter>
    </ClInclude>
    <ClInclude Include="src\Gray\Events\WindowEvent.h">
      <Filter>Gray\Events</Filter>
    </ClInclude>
    <ClInclude Include="src\Gray\Events\WindowListener.h">
      <Filter>Gray\Events</Filter>
    </ClInclude>
    <ClInclude Include="src\Gray\Events\WindowsInput.h">
      <Filter>Gray\Events</Filter>
    </ClInclude>
    <ClInclude Include="src\Gray\Graphics\Camera.h">
      <Filter>Gray\Graphics</Filter>
    </ClInclude>
    <ClInclude Include="src\Gray\Graphics\Defaults.h">
      <Filter>Gray\Graphics</Filter>
    </ClInclude>
    <ClInclude Include="src\Gray\Graphics\Light\DirectionalLight.h">
      <Filter>Gray\Graphics\Light</Filter>
    </ClInclude>
    <ClInclude Include="src\Gray\Graphics\Light\LightColor.h">
      <Filter>Gray\Graphics\Light</Filter>
    </ClInclude>
    <ClInclude Include="src\Gray\Graphics\Light\LightSource.h">
      <Filter>Gray\Graphics\Light</Filter>
    </ClInclude>
    <ClInclude Include="src\Gray\Graphics\Light\PointLight.h">
      <Filter>Gray\Graphics\Light</Filter>
    </ClInclude>
    <ClInclude Include="src\Gray\Graphics\Light\SpotLight.h">
      <Filter>Gray\Graphics\Light</Filter>
    </ClInclude>
    <ClInclude Include="src\Gray\Graphics\LightingManager.h">
      <Filter>Gray\Graphics</Filter>
    </ClInclude>
    <ClInclude Include="src\Gray\Graphics\Materials.h">
      <Filter>Gray\Graphics</Filter>
    </ClInclude>
    <ClInclude Include="src\Gray\Graphics\Model\Mesh.h">
      <Filter>Gray\Graphics\Model</Filter>
    </ClInclude>
    <ClInclude Include="src\Gray\Graphics\Model\Model.h">
      <Filter>Gray\Graphics\Model</Filter>
    </ClInclude>
    <ClInclude Include="src\Gray\Graphics\Model\RenderableModel.h">
      <Filter>Gray\Graphics\Model</Filter>
    </ClInclude>
    <ClInclude Include="src\Gray\Graphics\RenderList.h">
      <Filter>Gray\Graphics</Filter>
    </ClInclude>
    <ClInclude Include="src\Gray\Graphics\Renderable.h">
      <Filter>Gray\Graphics</Filter>
    </ClInclude>
    <ClInclude Include="src\Gray\Graphics\Scene.h">
      <Filter>Gray\Graphics</Filter>
    </ClInclude>
    <ClInclude Include="src\Gray\Graphics\Source\CameraSource.h">
      <Filter>Gray\Graphics\Source</Filter>
    </ClInclude>
    <ClInclude Include="src\Gray\Graphics\Source\Source.h">
      <Filter>Gray\Graphics\Source</Filter>
    </ClInclude>
    <ClInclude Include="src\Gray\Graphics\Source\SourceFactory.h">
      <Filter>Gray\Graphics\Source</Filter>
    </ClInclude>
    <ClInclude Include="src\Gray\Graphics\Source\StaticSource.h">
      <Filter>Gray\Graphics\Source</Filter>
    </ClInclude>
    <ClInclude Include="src\Gray\Graphics\Transform.h">
      <Filter>Gray\Graphics</Filter>
    </ClInclude>
    <ClInclude Include="src\Gray\Graphics\Transformable.h">
      <Filter>Gray\Graphics</Filter>
    </ClInclude>
    <ClInclude Include="src\Gray\Graphics\Uniforms\MaterialUM.h">
      <Filter>Gray\Graphics\Uniforms</Filter>
    </ClInclude>
    <ClInclude Include="src\Gray\Graphics\Uniforms\MaterialUMFactory.h">
      <Filter>Gray\Graphics\Uniforms</Filter>
    </ClInclude>
    <ClInclude Include="src\Gray\Graphics\Uniforms\TransformUM.h">
      <Filter>Gray\Graphics\Uniforms</Filter>
    </ClInclude>
    <ClInclude Include="src\Gray\Graphics\Uniforms\TransformUMFactory.h">
      <Filter>Gray\Graphics\Uniforms</Filter>
    </ClInclude>
    <ClInclude Include="src\Gray\Layers\ImguiLayer.h">
      <Filter>Gray\Layers</Filter>
    </ClInclude>
    <ClInclude Include="src\Gray\Layers\Layer.h">
      <Filter>Gray\Layers</Filter>
    </ClInclude>
    <ClInclude Include="src\Gray\Layers\LayerStack.h">
      <Filter>Gray\Layers</Filter>
    </ClInclude>
    <ClInclude Include="src\Gray\Layers\RenderLayer.h">
      <Filter>Gray\Layers</Filter>
    </ClInclude>
    <ClInclude Include="src\Gray\Log.h">
      <Filter>Gray</Filter>
    </ClInclude>
    <ClInclude Include="src\Gray\TempUtil.h">
      <Filter>Gray</Filter>
    </ClInclude>
    <ClInclude Include="src\Gray\Util\ResourceManager.h">
      <Filter>Gray\Util</Filter>
    </ClInclude>
    <ClInclude Include="src\Gray\Window\Window.h">
      <Filter>Gray\Window</Filter>
    </ClInclude>
    <ClInclude Include="src\Gray\Window\WindowsWindow.h">
      <Filter>Gray\Window</Filter>
    </ClInclude>
    <ClInclude Include="src\Platform\Opengl\BufferLayout.h">
      <Filter>Platform\Opengl</Filter>
    </ClInclude>
    <ClInclude Include="src\Platform\Opengl\FrameBuffer.h">
      <Filter>Platform\Opengl</Filter>
    </ClInclude>
    <ClInclude Include="src\Platform\Opengl\IndexBuffer.h">
      <Filter>Platform\Opengl</Filter>
    </ClInclude>
    <ClInclude Include="src\Platform\Opengl\NoCopy.h">
      <Filter>Platform\Opengl</Filter>
    </ClInclude>
    <ClInclude Include="src\Platform\Opengl\Opengl.h">
      <Filter>Platform\Opengl</Filter>
    </ClInclude>
    <ClInclude Include="src\Platform\Opengl\RenderBuffer.h">
      <Filter>Platform\Opengl</Filter>
    </ClInclude>
    <ClInclude Include="src\Platform\Opengl\Renderer.h">
      <Filter>Platform\Opengl</Filter>
    </ClInclude>
    <ClInclude Include="src\Platform\Opengl\Shader.h">
      <Filter>Platform\Opengl</Filter>
    </ClInclude>
    <ClInclude Include="src\Platform\Opengl\Shared.h">
      <Filter>Platform\Opengl</Filter>
    </ClInclude>
    <ClInclude Include="src\Platform\Opengl\Texture.h">
      <Filter>Platform\Opengl</Filter>
    </ClInclude>
    <ClInclude Include="src\Platform\Opengl\VertexArray.h">
      <Filter>Platform\Opengl</Filter>
    </ClInclude>
    <ClInclude Include="src\Platform\Opengl\VertexBuffer.h">
      <Filter>Platform\Opengl</Filter>
    </ClInclude>
    <ClInclude Include="src\Platform\Opengl\stb_image.h">
      <Filter>Platform\Opengl</Filter>
    </ClInclude>
    <ClInclude Include="src\grpch.h" />
    <ClInclude Include="src\Gray\Graphics\ResourceManager.h" />
    <ClInclude Include="src\Platform\Opengl\WeakRef.h" />
  </ItemGroup>
  <ItemGroup>
    <ClCompile Include="src\Gray\Application.cpp">
      <Filter>Gray</Filter>
    </ClCompile>
    <ClCompile Include="src\Gray\Events\Events.cpp">
      <Filter>Gray\Events</Filter>
    </ClCompile>
    <ClCompile Include="src\Gray\Events\WindowsInput.cpp">
      <Filter>Gray\Events</Filter>
    </ClCompile>
    <ClCompile Include="src\Gray\Graphics\Camera.cpp">
      <Filter>Gray\Graphics</Filter>
    </ClCompile>
    <ClCompile Include="src\Gray\Graphics\Defaults.cpp">
      <Filter>Gray\Graphics</Filter>
    </ClCompile>
    <ClCompile Include="src\Gray\Graphics\Light\DirectionalLight.cpp">
      <Filter>Gray\Graphics\Light</Filter>
    </ClCompile>
    <ClCompile Include="src\Gray\Graphics\Light\LightSource.cpp">
      <Filter>Gray\Graphics\Light</Filter>
    </ClCompile>
    <ClCompile Include="src\Gray\Graphics\Light\PointLight.cpp">
      <Filter>Gray\Graphics\Light</Filter>
    </ClCompile>
    <ClCompile Include="src\Gray\Graphics\Light\SpotLight.cpp">
      <Filter>Gray\Graphics\Light</Filter>
    </ClCompile>
    <ClCompile Include="src\Gray\Graphics\LightingManager.cpp">
      <Filter>Gray\Graphics</Filter>
    </ClCompile>
    <ClCompile Include="src\Gray\Graphics\Model\Mesh.cpp">
      <Filter>Gray\Graphics\Model</Filter>
    </ClCompile>
    <ClCompile Include="src\Gray\Graphics\Model\Model.cpp">
      <Filter>Gray\Graphics\Model</Filter>
    </ClCompile>
    <ClCompile Include="src\Gray\Graphics\Model\RenderableModel.cpp">
      <Filter>Gray\Graphics\Model</Filter>
    </ClCompile>
    <ClCompile Include="src\Gray\Graphics\RenderList.cpp">
      <Filter>Gray\Graphics</Filter>
    </ClCompile>
    <ClCompile Include="src\Gray\Graphics\Renderable.cpp">
      <Filter>Gray\Graphics</Filter>
    </ClCompile>
    <ClCompile Include="src\Gray\Graphics\Scene.cpp">
      <Filter>Gray\Graphics</Filter>
    </ClCompile>
    <ClCompile Include="src\Gray\Graphics\Source\CameraSource.cpp">
      <Filter>Gray\Graphics\Source</Filter>
    </ClCompile>
    <ClCompile Include="src\Gray\Graphics\Source\SourceFactory.cpp">
      <Filter>Gray\Graphics\Source</Filter>
    </ClCompile>
    <ClCompile Include="src\Gray\Graphics\Source\StaticSource.cpp">
      <Filter>Gray\Graphics\Source</Filter>
    </ClCompile>
    <ClCompile Include="src\Gray\Graphics\Transform.cpp">
      <Filter>Gray\Graphics</Filter>
    </ClCompile>
    <ClCompile Include="src\Gray\Graphics\Uniforms\MaterialUM.cpp">
      <Filter>Gray\Graphics\Uniforms</Filter>
    </ClCompile>
    <ClCompile Include="src\Gray\Graphics\Uniforms\MaterialUMFactory.cpp">
      <Filter>Gray\Graphics\Uniforms</Filter>
    </ClCompile>
    <ClCompile Include="src\Gray\Graphics\Uniforms\TransformUM.cpp">
      <Filter>Gray\Graphics\Uniforms</Filter>
    </ClCompile>
    <ClCompile Include="src\Gray\Graphics\Uniforms\TransformUMFactory.cpp">
      <Filter>Gray\Graphics\Uniforms</Filter>
    </ClCompile>
    <ClCompile Include="src\Gray\Layers\ImguiLayer.cpp">
      <Filter>Gray\Layers</Filter>
    </ClCompile>
    <ClCompile Include="src\Gray\Layers\Layer.cpp">
      <Filter>Gray\Layers</Filter>
    </ClCompile>
    <ClCompile Include="src\Gray\Layers\LayerStack.cpp">
      <Filter>Gray\Layers</Filter>
    </ClCompile>
    <ClCompile Include="src\Gray\Layers\RenderLayer.cpp">
      <Filter>Gray\Layers</Filter>
    </ClCompile>
    <ClCompile Include="src\Gray\Log.cpp">
      <Filter>Gray</Filter>
    </ClCompile>
    <ClCompile Include="src\Gray\TempUtil.cpp">
      <Filter>Gray</Filter>
    </ClCompile>
    <ClCompile Include="src\Gray\Window\Window.cpp">
      <Filter>Gray\Window</Filter>
    </ClCompile>
    <ClCompile Include="src\Gray\Window\WindowsWindow.cpp">
      <Filter>Gray\Window</Filter>
    </ClCompile>
    <ClCompile Include="src\Platform\Opengl\FrameBuffer.cpp">
      <Filter>Platform\Opengl</Filter>
    </ClCompile>
    <ClCompile Include="src\Platform\Opengl\IndexBuffer.cpp">
      <Filter>Platform\Opengl</Filter>
    </ClCompile>
    <ClCompile Include="src\Platform\Opengl\RenderBuffer.cpp">
      <Filter>Platform\Opengl</Filter>
    </ClCompile>
    <ClCompile Include="src\Platform\Opengl\Renderer.cpp">
      <Filter>Platform\Opengl</Filter>
    </ClCompile>
    <ClCompile Include="src\Platform\Opengl\Shader.cpp">
      <Filter>Platform\Opengl</Filter>
    </ClCompile>
    <ClCompile Include="src\Platform\Opengl\Texture.cpp">
      <Filter>Platform\Opengl</Filter>
    </ClCompile>
    <ClCompile Include="src\Platform\Opengl\VertexArray.cpp">
      <Filter>Platform\Opengl</Filter>
    </ClCompile>
    <ClCompile Include="src\Platform\Opengl\VertexBuffer.cpp">
      <Filter>Platform\Opengl</Filter>
    </ClCompile>
    <ClCompile Include="src\grpch.cpp" />
  </ItemGroup>
</Project>