<?xml version="1.0" encoding="utf-8"?>
<Project ToolsVersion="4.0" xmlns="http://schemas.microsoft.com/developer/msbuild/2003">
  <ItemGroup>
    <Filter Include="test">
      <UniqueIdentifier>{65689E7C-519F-9F0D-FA8B-8510E6A11B0F}</UniqueIdentifier>
    </Filter>
    <Filter Include="vendor">
      <UniqueIdentifier>{B3738122-9F15-ACF8-88D0-BF4C74113349}</UniqueIdentifier>
    </Filter>
    <Filter Include="vendor\glew">
      <UniqueIdentifier>{318F79C1-9D44-F2B6-2639-EC8D92EDE8BA}</UniqueIdentifier>
    </Filter>
    <Filter Include="vendor\glew\include">
      <UniqueIdentifier>{A457F7F3-10B9-D401-9926-1BB405870BC1}</UniqueIdentifier>
    </Filter>
    <Filter Include="vendor\glew\include\GL">
      <UniqueIdentifier>{86B6A6B4-72B0-CF06-5B1D-661747B63573}</UniqueIdentifier>
    </Filter>
    <Filter Include="vendor\glm">
      <UniqueIdentifier>{829FC5A8-6E57-07F6-D75E-E051C335A2E6}</UniqueIdentifier>
    </Filter>
    <Filter Include="vendor\glm\glm">
      <UniqueIdentifier>{D11AC9C9-BDE8-BCCF-A67C-2DF692E99834}</UniqueIdentifier>
    </Filter>
    <Filter Include="vendor\glm\glm\detail">
      <UniqueIdentifier>{739DA071-DF09-5C6C-A8FD-F3C914297ED4}</UniqueIdentifier>
    </Filter>
    <Filter Include="vendor\glm\glm\simd">
      <UniqueIdentifier>{CDE1A2E0-3943-80EE-C2B0-C6A02E11B7AD}</UniqueIdentifier>
    </Filter>
  </ItemGroup>
  <ItemGroup>
    <ClInclude Include="src\BufferLayout.h" />
    <ClInclude Include="src\IndexBuffer.h" />
    <ClInclude Include="src\LoadBuffer.h" />
    <ClInclude Include="src\Renderer.h" />
    <ClInclude Include="src\Shader.h" />
    <ClInclude Include="src\Texture.h" />
    <ClInclude Include="src\VertexArray.h" />
    <ClInclude Include="src\VertexBuffer.h" />
    <ClInclude Include="src\stb_image.h" />
    <ClInclude Include="src\test\MainTest.h">
      <Filter>test</Filter>
    </ClInclude>
    <ClInclude Include="src\test\Test.h">
      <Filter>test</Filter>
    </ClInclude>
    <ClInclude Include="src\test\TestClearColor.h">
      <Filter>test</Filter>
    </ClInclude>
    <ClInclude Include="src\test\TestLoadBuffer.h">
      <Filter>test</Filter>
    </ClInclude>
    <ClInclude Include="src\test\TestMenu.h">
      <Filter>test</Filter>
    </ClInclude>
    <ClInclude Include="src\test\TestTexture.h">
      <Filter>test</Filter>
    </ClInclude>
    <ClInclude Include="src\test\TestViewPort.h">
      <Filter>test</Filter>
    </ClInclude>
    <ClInclude Include="src\test\Util.h">
      <Filter>test</Filter>
    </ClInclude>
    <ClInclude Include="src\vendor\glew\include\GL\eglew.h">
      <Filter>vendor\glew\include\GL</Filter>
    </ClInclude>
    <ClInclude Include="src\vendor\glew\include\GL\glew.h">
      <Filter>vendor\glew\include\GL</Filter>
    </ClInclude>
    <ClInclude Include="src\vendor\glew\include\GL\glxew.h">
      <Filter>vendor\glew\include\GL</Filter>
    </ClInclude>
    <ClInclude Include="src\vendor\glew\include\GL\wglew.h">
      <Filter>vendor\glew\include\GL</Filter>
    </ClInclude>
    <ClInclude Include="src\vendor\glm\glm\simd\common.h">
      <Filter>vendor\glm\glm\simd</Filter>
    </ClInclude>
    <ClInclude Include="src\vendor\glm\glm\simd\exponential.h">
      <Filter>vendor\glm\glm\simd</Filter>
    </ClInclude>
    <ClInclude Include="src\vendor\glm\glm\simd\geometric.h">
      <Filter>vendor\glm\glm\simd</Filter>
    </ClInclude>
    <ClInclude Include="src\vendor\glm\glm\simd\integer.h">
      <Filter>vendor\glm\glm\simd</Filter>
    </ClInclude>
    <ClInclude Include="src\vendor\glm\glm\simd\matrix.h">
      <Filter>vendor\glm\glm\simd</Filter>
    </ClInclude>
    <ClInclude Include="src\vendor\glm\glm\simd\neon.h">
      <Filter>vendor\glm\glm\simd</Filter>
    </ClInclude>
    <ClInclude Include="src\vendor\glm\glm\simd\packing.h">
      <Filter>vendor\glm\glm\simd</Filter>
    </ClInclude>
    <ClInclude Include="src\vendor\glm\glm\simd\platform.h">
      <Filter>vendor\glm\glm\simd</Filter>
    </ClInclude>
    <ClInclude Include="src\vendor\glm\glm\simd\trigonometric.h">
      <Filter>vendor\glm\glm\simd</Filter>
    </ClInclude>
    <ClInclude Include="src\vendor\glm\glm\simd\vector_relational.h">
      <Filter>vendor\glm\glm\simd</Filter>
    </ClInclude>
  </ItemGroup>
  <ItemGroup>
    <ClCompile Include="src\IndexBuffer.cpp" />
    <ClCompile Include="src\Renderer.cpp" />
    <ClCompile Include="src\Sandbox.cpp" />
    <ClCompile Include="src\Shader.cpp" />
    <ClCompile Include="src\Source.cpp" />
    <ClCompile Include="src\Texture.cpp" />
    <ClCompile Include="src\VertexBuffer.cpp" />
    <ClCompile Include="src\VetexArray.cpp" />
    <ClCompile Include="src\stb_image.cpp" />
    <ClCompile Include="src\test\MainTest.cpp">
      <Filter>test</Filter>
    </ClCompile>
    <ClCompile Include="src\test\TestClearColor.cpp">
      <Filter>test</Filter>
    </ClCompile>
    <ClCompile Include="src\test\TestLoadBuffer.cpp">
      <Filter>test</Filter>
    </ClCompile>
    <ClCompile Include="src\test\TestMenu.cpp">
      <Filter>test</Filter>
    </ClCompile>
    <ClCompile Include="src\test\TestTexture.cpp">
      <Filter>test</Filter>
    </ClCompile>
    <ClCompile Include="src\test\TestViewPort.cpp">
      <Filter>test</Filter>
    </ClCompile>
    <ClCompile Include="src\test\Util.cpp">
      <Filter>test</Filter>
    </ClCompile>
    <ClCompile Include="src\vendor\glm\glm\detail\glm.cpp">
      <Filter>vendor\glm\glm\detail</Filter>
    </ClCompile>
  </ItemGroup>
</Project>